version = 1
revision = 3
requires-python = ">=3.12"

[options]
exclude-newer = "0001-01-01T00:00:00Z" # This has no effect and is included for backwards compatibility when using relative exclude-newer values.
exclude-newer-span = "P7D"

[manifest]
requirements = [{ name = "chevron-blue", specifier = "==0.3.0" }]

[[package]]
name = "chevron-blue"
version = "0.3.0"
source = { registry = "https://pypi.org/simple" }
sdist = { url = "https://files.pythonhosted.org/packages/18/05/2110389caf5789648f83c4374d9aa83215a50bb028bfb5139ccb51a8e3e3/chevron_blue-0.3.0.tar.gz", hash = "sha256:7099e1b8fa8d8e81beea31fcc448091f845de3533da1a36eea0c19327ab8521d", size = 7730, upload-time = "2025-07-16T16:56:23.064Z" }
wheels = [
    { url = "https://files.pythonhosted.org/packages/36/94/1ffcf1651c4ca3b7ecf8d20cc4e2ce13298f264ea31fa77bc53c0b5ddf56/chevron_blue-0.3.0-py3-none-any.whl", hash = "sha256:7ebea4ae16a410cc0416e98a158b0fad615173f67764cfea55bd24776bb0cf29", size = 9829, upload-time = "2025-07-16T16:56:21.904Z" },
]
